
Microsoft Visual Studio Solution File, Format Version 12.00
# Visual Studio Version 17
VisualStudioVersion = 17.5.33516.290
MinimumVisualStudioVersion = 10.0.40219.1
Project("{9A19103F-16F7-4668-BE54-9A1E7A4F7556}") = "CSharpTextEditor.TestApp", "CSharpTextEditor.TestApp\CSharpTextEditor.TestApp.csproj", "{D68A3BEB-9C29-496D-9C02-47EE3974686A}"
EndProject
Global
	GlobalSection(SolutionConfigurationPlatforms) = preSolution
		Debug|Any CPU = Debug|Any CPU
		Release|Any CPU = Release|Any CPU
	EndGlobalSection
	GlobalSection(ProjectConfigurationPlatforms) = postSolution
		{D68A3BEB-9C29-496D-9C02-47EE3974686A}.Debug|Any CPU.ActiveCfg = Debug|Any CPU
		{D68A3BEB-9C29-496D-9C02-47EE3974686A}.Debug|Any CPU.Build.0 = Debug|Any CPU
		{D68A3BEB-9C29-496D-9C02-47EE3974686A}.Release|Any CPU.ActiveCfg = Release|Any CPU
		{D68A3BEB-9C29-496D-9C02-47EE3974686A}.Release|Any CPU.Build.0 = Release|Any CPU
	EndGlobalSection
	GlobalSection(SolutionProperties) = preSolution
		HideSolutionNode = FALSE
	EndGlobalSection
	GlobalSection(ExtensibilityGlobals) = postSolution
		SolutionGuid = {DC1CB814-319A-412C-B20F-0507A64DC62A}
	EndGlobalSection
EndGlobal
