<Solution>
  <Project Path="NTextEditor.Languages.CSharp/NTextEditor.Languages.CSharp.csproj" />
  <Project Path="NTextEditor.Tests/NTextEditor.Tests.csproj" />
  <Project Path="NTextEditor.View.WinForms/NTextEditor.View.WinForms.csproj" />
  <Project Path="NTextEditor.View.WPF/NTextEditor.View.WPF.csproj" Id="2a8307d2-a69c-4ce3-9957-b051ded3d438" />
  <Project Path="NTextEditor.WinformsTestApp/NTextEditor.WinformsTestApp.csproj" />
  <Project Path="NTextEditor.WPFTestApp/NTextEditor.WPFTestApp.csproj" Id="3ea5f011-b83c-4f08-bc96-1702f1238510" />
  <Project Path="NTextEditor/NTextEditor.csproj" />
</Solution>
